// !$*UTF8*$!
{
	archiveVersion = 1;
	classes = {
	};
	objectVersion = 63;
	objects = {

/* Begin PBXBuildFile section */
		040B6E74FAC257BCEEC6A371 /* PointCloudMessages.swift in Sources */ = {isa = PBXBuildFile; fileRef = 13E2AEC76841DD49A288CA42 /* PointCloudMessages.swift */; };
		07CE9106DE1029921B4FAEAF /* CouchVisionWidgets.appex in Embed Foundation Extensions */ = {isa = PBXBuildFile; fileRef = EA740775476126173BEFC495 /* CouchVisionWidgets.appex */; settings = {ATTRIBUTES = (RemoveHeadersOnCopy, ); }; };
		0A24D1F486DC1F0641570849 /* MotionManager.swift in Sources */ = {isa = PBXBuildFile; fileRef = B9D238299B901206D565558C /* MotionManager.swift */; };
		0AF8C867BCF9F5CB40BC225F /* CouchVisionApp.swift in Sources */ = {isa = PBXBuildFile; fileRef = 4B88064F3F70E9F967CCFFD5 /* CouchVisionApp.swift */; };
		16FAD974F85188341A6AADD8 /* CDREncoder.swift in Sources */ = {isa = PBXBuildFile; fileRef = A39CFD6B3D75415C7BAA65AF /* CDREncoder.swift */; };
		1B5AC1F5CC5991ACDA1C52FA /* LocationManager.swift in Sources */ = {isa = PBXBuildFile; fileRef = 4C76C0B76704E84C289CEC7A /* LocationManager.swift */; };
		323E9DC12467908A1BC9078F /* ImuMessages.swift in Sources */ = {isa = PBXBuildFile; fileRef = 54AAFAF2FFE3A36D1FEF4EE8 /* ImuMessages.swift */; };
		4BA7463010EEB8E2B19A419C /* ContentView.swift in Sources */ = {isa = PBXBuildFile; fileRef = 15E2DD4B63420F32FDB8A40A /* ContentView.swift */; };
		4CB51CDB16D48809E237B964 /* StreamingActivityAttributes.swift in Sources */ = {isa = PBXBuildFile; fileRef = A54A22C1DAB38839B878AFD6 /* StreamingActivityAttributes.swift */; };
		58A4CB69F02BC7DE1E6DCDEE /* EnvironmentManager.swift in Sources */ = {isa = PBXBuildFile; fileRef = 42301F8855D69337B5E04F72 /* EnvironmentManager.swift */; };
		5923392EFA0B0114EE20AFC2 /* Assets.xcassets in Resources */ = {isa = PBXBuildFile; fileRef = 5CDED2D14B3E975541454448 /* Assets.xcassets */; };
		598F4B774D5F8EF19C4ED7B3 /* SensorCoordinator.swift in Sources */ = {isa = PBXBuildFile; fileRef = ACA7823899FEF66E11703FE7 /* SensorCoordinator.swift */; };
		670E58F09AAAD14A364F7B09 /* ImageMessages.swift in Sources */ = {isa = PBXBuildFile; fileRef = 9F0940103540482F7189960F /* ImageMessages.swift */; };
		677C5E8137114DE828EA035D /* DeviceMessages.swift in Sources */ = {isa = PBXBuildFile; fileRef = 43D110A7EE23FE9A0AB99227 /* DeviceMessages.swift */; };
		6B39CB97419F810D955EBE84 /* TimeUtils.swift in Sources */ = {isa = PBXBuildFile; fileRef = 53EC739A43B279481C728B31 /* TimeUtils.swift */; };
		6F2A1697B088B56AF9896AC7 /* Publisher.swift in Sources */ = {isa = PBXBuildFile; fileRef = 0F9221EA27CF0D48D12B5B1E /* Publisher.swift */; };
		6FE70D107D6AC93F706A3A5B /* Logger.swift in Sources */ = {isa = PBXBuildFile; fileRef = 998CF88C47937956BF73EA86 /* Logger.swift */; };
		735B063347C021FB49A8DAAF /* TransformMessages.swift in Sources */ = {isa = PBXBuildFile; fileRef = 9E46DA7B034187A775276DD0 /* TransformMessages.swift */; };
		7395924D19CD22E6B210A5A5 /* ZenohPublisher.swift in Sources */ = {isa = PBXBuildFile; fileRef = CA67DF29CD9D69C942084599 /* ZenohPublisher.swift */; };
		75B6048847134405CB5ADA65 /* DeviceStatusManager.swift in Sources */ = {isa = PBXBuildFile; fileRef = F488B6359ACB354B1152659A /* DeviceStatusManager.swift */; };
		7F97BD5E10BB38C0CDF9C647 /* CouchVisionWidgetsBundle.swift in Sources */ = {isa = PBXBuildFile; fileRef = D5A53DA3BC86A332490E945C /* CouchVisionWidgetsBundle.swift */; };
		80E7C106D5E88D264BF9AD6E /* Header.swift in Sources */ = {isa = PBXBuildFile; fileRef = 7F1E8F2243F776BF1AA4E8B2 /* Header.swift */; };
		85E8E9A9B976D6BA5EB1FDC9 /* SettingsStorage.swift in Sources */ = {isa = PBXBuildFile; fileRef = 857EDF55AC4B89D61E1C71B2 /* SettingsStorage.swift */; };
		8D37499E641BDDC13BD0593A /* LiveActivityManager.swift in Sources */ = {isa = PBXBuildFile; fileRef = 0E60BEC1472E10BEABEA675C /* LiveActivityManager.swift */; };
		8D577D4595A410DBD7055421 /* LocationMessages.swift in Sources */ = {isa = PBXBuildFile; fileRef = B37ECA2A6C266645FCF45BBD /* LocationMessages.swift */; };
		9310B11F72A2D82A768509ED /* StreamingActivityAttributes.swift in Sources */ = {isa = PBXBuildFile; fileRef = A54A22C1DAB38839B878AFD6 /* StreamingActivityAttributes.swift */; };
		B088CAD6A2E138E18D578F4E /* SensorProvider.swift in Sources */ = {isa = PBXBuildFile; fileRef = C06B01D38F55E6273E626CD9 /* SensorProvider.swift */; };
		B11496215549FDB5BA14705C /* LiDARManager.swift in Sources */ = {isa = PBXBuildFile; fileRef = 939E2932B661D1CAFEDC6DBB /* LiDARManager.swift */; };
		B70E5E17008CF36C2A2EE13B /* MockPublisher.swift in Sources */ = {isa = PBXBuildFile; fileRef = A3DA3BB7A7A007CE2519E19C /* MockPublisher.swift */; };
		BBA333CDB11194E69C70DFDB /* SettingsView.swift in Sources */ = {isa = PBXBuildFile; fileRef = 7DA35D300DA7214084D1EA5B /* SettingsView.swift */; };
		C8C26DBE480BA955AE520C36 /* CameraManager.swift in Sources */ = {isa = PBXBuildFile; fileRef = E0CA31563A14598E4A94E2D1 /* CameraManager.swift */; };
		D83FEB7160A36CB898EBF1AB /* EnvironmentMessages.swift in Sources */ = {isa = PBXBuildFile; fileRef = A268FA045A642D71D2E12288 /* EnvironmentMessages.swift */; };
		DF02C4CB73ECF9D234666028 /* StreamingLiveActivity.swift in Sources */ = {isa = PBXBuildFile; fileRef = DD62316B6FA5C260A95BFA22 /* StreamingLiveActivity.swift */; };
/* End PBXBuildFile section */

/* Begin PBXContainerItemProxy section */
		85A8093047A26579F13610AD /* PBXContainerItemProxy */ = {
			isa = PBXContainerItemProxy;
			containerPortal = D840DCA89B1CBD60B156B7D4 /* Project object */;
			proxyType = 1;
			remoteGlobalIDString = E7E1AD0DD307C51E9CF98DC4;
			remoteInfo = CouchVisionWidgets;
		};
/* End PBXContainerItemProxy section */

/* Begin PBXCopyFilesBuildPhase section */
		D27419D7D0654D60F10F74F8 /* Embed Foundation Extensions */ = {
			isa = PBXCopyFilesBuildPhase;
			buildActionMask = 2147483647;
			dstPath = "";
			dstSubfolderSpec = 13;
			files = (
				07CE9106DE1029921B4FAEAF /* CouchVisionWidgets.appex in Embed Foundation Extensions */,
			);
			name = "Embed Foundation Extensions";
			runOnlyForDeploymentPostprocessing = 0;
		};
/* End PBXCopyFilesBuildPhase section */

/* Begin PBXFileReference section */
		0E60BEC1472E10BEABEA675C /* LiveActivityManager.swift */ = {isa = PBXFileReference; lastKnownFileType = sourcecode.swift; path = LiveActivityManager.swift; sourceTree = "<group>"; };
		0F9221EA27CF0D48D12B5B1E /* Publisher.swift */ = {isa = PBXFileReference; lastKnownFileType = sourcecode.swift; path = Publisher.swift; sourceTree = "<group>"; };
		13E2AEC76841DD49A288CA42 /* PointCloudMessages.swift */ = {isa = PBXFileReference; lastKnownFileType = sourcecode.swift; path = PointCloudMessages.swift; sourceTree = "<group>"; };
		15E2DD4B63420F32FDB8A40A /* ContentView.swift */ = {isa = PBXFileReference; lastKnownFileType = sourcecode.swift; path = ContentView.swift; sourceTree = "<group>"; };
		42301F8855D69337B5E04F72 /* EnvironmentManager.swift */ = {isa = PBXFileReference; lastKnownFileType = sourcecode.swift; path = EnvironmentManager.swift; sourceTree = "<group>"; };
		43D110A7EE23FE9A0AB99227 /* DeviceMessages.swift */ = {isa = PBXFileReference; lastKnownFileType = sourcecode.swift; path = DeviceMessages.swift; sourceTree = "<group>"; };
		4B88064F3F70E9F967CCFFD5 /* CouchVisionApp.swift */ = {isa = PBXFileReference; lastKnownFileType = sourcecode.swift; path = CouchVisionApp.swift; sourceTree = "<group>"; };
		4C76C0B76704E84C289CEC7A /* LocationManager.swift */ = {isa = PBXFileReference; lastKnownFileType = sourcecode.swift; path = LocationManager.swift; sourceTree = "<group>"; };
		4D02297BD046BDA199485351 /* Info.plist */ = {isa = PBXFileReference; lastKnownFileType = text.plist; path = Info.plist; sourceTree = "<group>"; };
		53EC739A43B279481C728B31 /* TimeUtils.swift */ = {isa = PBXFileReference; lastKnownFileType = sourcecode.swift; path = TimeUtils.swift; sourceTree = "<group>"; };
		54AAFAF2FFE3A36D1FEF4EE8 /* ImuMessages.swift */ = {isa = PBXFileReference; lastKnownFileType = sourcecode.swift; path = ImuMessages.swift; sourceTree = "<group>"; };
		5CDED2D14B3E975541454448 /* Assets.xcassets */ = {isa = PBXFileReference; lastKnownFileType = folder.assetcatalog; path = Assets.xcassets; sourceTree = "<group>"; };
		7DA35D300DA7214084D1EA5B /* SettingsView.swift */ = {isa = PBXFileReference; lastKnownFileType = sourcecode.swift; path = SettingsView.swift; sourceTree = "<group>"; };
		7F1E8F2243F776BF1AA4E8B2 /* Header.swift */ = {isa = PBXFileReference; lastKnownFileType = sourcecode.swift; path = Header.swift; sourceTree = "<group>"; };
		84AB8703216F912795E5183C /* Info.plist */ = {isa = PBXFileReference; lastKnownFileType = text.plist; path = Info.plist; sourceTree = "<group>"; };
		857EDF55AC4B89D61E1C71B2 /* SettingsStorage.swift */ = {isa = PBXFileReference; lastKnownFileType = sourcecode.swift; path = SettingsStorage.swift; sourceTree = "<group>"; };
		939E2932B661D1CAFEDC6DBB /* LiDARManager.swift */ = {isa = PBXFileReference; lastKnownFileType = sourcecode.swift; path = LiDARManager.swift; sourceTree = "<group>"; };
		998CF88C47937956BF73EA86 /* Logger.swift */ = {isa = PBXFileReference; lastKnownFileType = sourcecode.swift; path = Logger.swift; sourceTree = "<group>"; };
		9E46DA7B034187A775276DD0 /* TransformMessages.swift */ = {isa = PBXFileReference; lastKnownFileType = sourcecode.swift; path = TransformMessages.swift; sourceTree = "<group>"; };
		9F0940103540482F7189960F /* ImageMessages.swift */ = {isa = PBXFileReference; lastKnownFileType = sourcecode.swift; path = ImageMessages.swift; sourceTree = "<group>"; };
		A268FA045A642D71D2E12288 /* EnvironmentMessages.swift */ = {isa = PBXFileReference; lastKnownFileType = sourcecode.swift; path = EnvironmentMessages.swift; sourceTree = "<group>"; };
		A39CFD6B3D75415C7BAA65AF /* CDREncoder.swift */ = {isa = PBXFileReference; lastKnownFileType = sourcecode.swift; path = CDREncoder.swift; sourceTree = "<group>"; };
		A3DA3BB7A7A007CE2519E19C /* MockPublisher.swift */ = {isa = PBXFileReference; lastKnownFileType = sourcecode.swift; path = MockPublisher.swift; sourceTree = "<group>"; };
		A54A22C1DAB38839B878AFD6 /* StreamingActivityAttributes.swift */ = {isa = PBXFileReference; lastKnownFileType = sourcecode.swift; path = StreamingActivityAttributes.swift; sourceTree = "<group>"; };
		ACA7823899FEF66E11703FE7 /* SensorCoordinator.swift */ = {isa = PBXFileReference; lastKnownFileType = sourcecode.swift; path = SensorCoordinator.swift; sourceTree = "<group>"; };
		B37ECA2A6C266645FCF45BBD /* LocationMessages.swift */ = {isa = PBXFileReference; lastKnownFileType = sourcecode.swift; path = LocationMessages.swift; sourceTree = "<group>"; };
		B9D238299B901206D565558C /* MotionManager.swift */ = {isa = PBXFileReference; lastKnownFileType = sourcecode.swift; path = MotionManager.swift; sourceTree = "<group>"; };
		C06B01D38F55E6273E626CD9 /* SensorProvider.swift */ = {isa = PBXFileReference; lastKnownFileType = sourcecode.swift; path = SensorProvider.swift; sourceTree = "<group>"; };
		CA67DF29CD9D69C942084599 /* ZenohPublisher.swift */ = {isa = PBXFileReference; lastKnownFileType = sourcecode.swift; path = ZenohPublisher.swift; sourceTree = "<group>"; };
		D5A53DA3BC86A332490E945C /* CouchVisionWidgetsBundle.swift */ = {isa = PBXFileReference; lastKnownFileType = sourcecode.swift; path = CouchVisionWidgetsBundle.swift; sourceTree = "<group>"; };
		DD62316B6FA5C260A95BFA22 /* StreamingLiveActivity.swift */ = {isa = PBXFileReference; lastKnownFileType = sourcecode.swift; path = StreamingLiveActivity.swift; sourceTree = "<group>"; };
		E0CA31563A14598E4A94E2D1 /* CameraManager.swift */ = {isa = PBXFileReference; lastKnownFileType = sourcecode.swift; path = CameraManager.swift; sourceTree = "<group>"; };
		EA740775476126173BEFC495 /* CouchVisionWidgets.appex */ = {isa = PBXFileReference; explicitFileType = "wrapper.app-extension"; includeInIndex = 0; path = CouchVisionWidgets.appex; sourceTree = BUILT_PRODUCTS_DIR; };
		F473F8EDD6090021ADE3863B /* CouchVision.app */ = {isa = PBXFileReference; explicitFileType = wrapper.application; includeInIndex = 0; path = CouchVision.app; sourceTree = BUILT_PRODUCTS_DIR; };
		F488B6359ACB354B1152659A /* DeviceStatusManager.swift */ = {isa = PBXFileReference; lastKnownFileType = sourcecode.swift; path = DeviceStatusManager.swift; sourceTree = "<group>"; };
/* End PBXFileReference section */

/* Begin PBXGroup section */
		5285AF0355880B8BC2051ED5 /* Resources */ = {
			isa = PBXGroup;
			children = (
				5CDED2D14B3E975541454448 /* Assets.xcassets */,
				84AB8703216F912795E5183C /* Info.plist */,
			);
			path = Resources;
			sourceTree = "<group>";
		};
		6BABBED31A6AB07898B8AD88 /* Protocols */ = {
			isa = PBXGroup;
			children = (
				0F9221EA27CF0D48D12B5B1E /* Publisher.swift */,
				C06B01D38F55E6273E626CD9 /* SensorProvider.swift */,
			);
			path = Protocols;
			sourceTree = "<group>";
		};
		76A0CA6BDC62B00E2D433C51 /* Networking */ = {
			isa = PBXGroup;
			children = (
				A3DA3BB7A7A007CE2519E19C /* MockPublisher.swift */,
				CA67DF29CD9D69C942084599 /* ZenohPublisher.swift */,
			);
			path = Networking;
			sourceTree = "<group>";
		};
		8017FE6131181EE64DDB42F4 /* Core */ = {
			isa = PBXGroup;
			children = (
				0E60BEC1472E10BEABEA675C /* LiveActivityManager.swift */,
				998CF88C47937956BF73EA86 /* Logger.swift */,
				857EDF55AC4B89D61E1C71B2 /* SettingsStorage.swift */,
				53EC739A43B279481C728B31 /* TimeUtils.swift */,
				B596040D50FB48ED5D2774C5 /* Coordinator */,
				6BABBED31A6AB07898B8AD88 /* Protocols */,
			);
			path = Core;
			sourceTree = "<group>";
		};
		8D094E71A24223586DAED21E /* Products */ = {
			isa = PBXGroup;
			children = (
				F473F8EDD6090021ADE3863B /* CouchVision.app */,
				EA740775476126173BEFC495 /* CouchVisionWidgets.appex */,
			);
			name = Products;
			sourceTree = "<group>";
		};
		9777C75C4AD011197899C35B /* Sensors */ = {
			isa = PBXGroup;
			children = (
				E0CA31563A14598E4A94E2D1 /* CameraManager.swift */,
				F488B6359ACB354B1152659A /* DeviceStatusManager.swift */,
				42301F8855D69337B5E04F72 /* EnvironmentManager.swift */,
				939E2932B661D1CAFEDC6DBB /* LiDARManager.swift */,
				4C76C0B76704E84C289CEC7A /* LocationManager.swift */,
				B9D238299B901206D565558C /* MotionManager.swift */,
			);
			path = Sensors;
			sourceTree = "<group>";
		};
		A7FA8064A7ED1155F536BC22 /* CouchVision */ = {
			isa = PBXGroup;
			children = (
				ED91060441E5F8A81E12B166 /* App */,
				8017FE6131181EE64DDB42F4 /* Core */,
				76A0CA6BDC62B00E2D433C51 /* Networking */,
				5285AF0355880B8BC2051ED5 /* Resources */,
				C4474A58ECA8565576DA7E40 /* ROS */,
				9777C75C4AD011197899C35B /* Sensors */,
			);
			path = CouchVision;
			sourceTree = "<group>";
		};
		AB5CBD8E0CFADC6990FABD5F /* CouchVisionWidgets */ = {
			isa = PBXGroup;
			children = (
				D5A53DA3BC86A332490E945C /* CouchVisionWidgetsBundle.swift */,
				4D02297BD046BDA199485351 /* Info.plist */,
				A54A22C1DAB38839B878AFD6 /* StreamingActivityAttributes.swift */,
				DD62316B6FA5C260A95BFA22 /* StreamingLiveActivity.swift */,
			);
			path = CouchVisionWidgets;
			sourceTree = "<group>";
		};
		B12EE5CB43D90A24B30E022B /* Messages */ = {
			isa = PBXGroup;
			children = (
				43D110A7EE23FE9A0AB99227 /* DeviceMessages.swift */,
				A268FA045A642D71D2E12288 /* EnvironmentMessages.swift */,
				7F1E8F2243F776BF1AA4E8B2 /* Header.swift */,
				9F0940103540482F7189960F /* ImageMessages.swift */,
				54AAFAF2FFE3A36D1FEF4EE8 /* ImuMessages.swift */,
				B37ECA2A6C266645FCF45BBD /* LocationMessages.swift */,
				13E2AEC76841DD49A288CA42 /* PointCloudMessages.swift */,
				9E46DA7B034187A775276DD0 /* TransformMessages.swift */,
			);
			path = Messages;
			sourceTree = "<group>";
		};
		B596040D50FB48ED5D2774C5 /* Coordinator */ = {
			isa = PBXGroup;
			children = (
				ACA7823899FEF66E11703FE7 /* SensorCoordinator.swift */,
			);
			path = Coordinator;
			sourceTree = "<group>";
		};
		C4474A58ECA8565576DA7E40 /* ROS */ = {
			isa = PBXGroup;
			children = (
				A39CFD6B3D75415C7BAA65AF /* CDREncoder.swift */,
				B12EE5CB43D90A24B30E022B /* Messages */,
			);
			path = ROS;
			sourceTree = "<group>";
		};
		ED91060441E5F8A81E12B166 /* App */ = {
			isa = PBXGroup;
			children = (
				15E2DD4B63420F32FDB8A40A /* ContentView.swift */,
				4B88064F3F70E9F967CCFFD5 /* CouchVisionApp.swift */,
				7DA35D300DA7214084D1EA5B /* SettingsView.swift */,
			);
			path = App;
			sourceTree = "<group>";
		};
		EFFB4406F86754E2031F6B97 = {
			isa = PBXGroup;
			children = (
				A7FA8064A7ED1155F536BC22 /* CouchVision */,
				AB5CBD8E0CFADC6990FABD5F /* CouchVisionWidgets */,
				8D094E71A24223586DAED21E /* Products */,
			);
			sourceTree = "<group>";
		};
/* End PBXGroup section */

/* Begin PBXNativeTarget section */
		7B943B1A5E1F5E32F8AB3985 /* CouchVision */ = {
			isa = PBXNativeTarget;
			buildConfigurationList = DEA71E915BCBC3B70D4863D8 /* Build configuration list for PBXNativeTarget "CouchVision" */;
			buildPhases = (
				C0F0B50D0D010872CF526DC1 /* Sources */,
				FC5CDC31B4EEAD8D1D9D3981 /* Resources */,
				D27419D7D0654D60F10F74F8 /* Embed Foundation Extensions */,
			);
			buildRules = (
			);
			dependencies = (
				BBA50E89F4ACA8179650E8AE /* PBXTargetDependency */,
			);
			name = CouchVision;
			packageProductDependencies = (
			);
			productName = CouchVision;
			productReference = F473F8EDD6090021ADE3863B /* CouchVision.app */;
			productType = "com.apple.product-type.application";
		};
		E7E1AD0DD307C51E9CF98DC4 /* CouchVisionWidgets */ = {
			isa = PBXNativeTarget;
			buildConfigurationList = 3E5F0B25788562AE2A3A401F /* Build configuration list for PBXNativeTarget "CouchVisionWidgets" */;
			buildPhases = (
				D6ED50E2CBF8FF99E1FC73CC /* Sources */,
			);
			buildRules = (
			);
			dependencies = (
			);
			name = CouchVisionWidgets;
			packageProductDependencies = (
			);
			productName = CouchVisionWidgets;
			productReference = EA740775476126173BEFC495 /* CouchVisionWidgets.appex */;
			productType = "com.apple.product-type.app-extension";
		};
/* End PBXNativeTarget section */

/* Begin PBXProject section */
		D840DCA89B1CBD60B156B7D4 /* Project object */ = {
			isa = PBXProject;
			attributes = {
				BuildIndependentTargetsInParallel = YES;
				LastUpgradeCheck = 1600;
			};
			buildConfigurationList = D9EC6F40C32C6D067E1B7629 /* Build configuration list for PBXProject "CouchVision" */;
			compatibilityVersion = "Xcode 14.0";
			developmentRegion = en;
			hasScannedForEncodings = 0;
			knownRegions = (
				Base,
				en,
			);
			mainGroup = EFFB4406F86754E2031F6B97;
			minimizedProjectReferenceProxies = 1;
			projectDirPath = "";
			projectRoot = "";
			targets = (
				7B943B1A5E1F5E32F8AB3985 /* CouchVision */,
				E7E1AD0DD307C51E9CF98DC4 /* CouchVisionWidgets */,
			);
		};
/* End PBXProject section */

/* Begin PBXResourcesBuildPhase section */
		FC5CDC31B4EEAD8D1D9D3981 /* Resources */ = {
			isa = PBXResourcesBuildPhase;
			buildActionMask = 2147483647;
			files = (
				5923392EFA0B0114EE20AFC2 /* Assets.xcassets in Resources */,
			);
			runOnlyForDeploymentPostprocessing = 0;
		};
/* End PBXResourcesBuildPhase section */

/* Begin PBXSourcesBuildPhase section */
		C0F0B50D0D010872CF526DC1 /* Sources */ = {
			isa = PBXSourcesBuildPhase;
			buildActionMask = 2147483647;
			files = (
				16FAD974F85188341A6AADD8 /* CDREncoder.swift in Sources */,
				C8C26DBE480BA955AE520C36 /* CameraManager.swift in Sources */,
				4BA7463010EEB8E2B19A419C /* ContentView.swift in Sources */,
				0AF8C867BCF9F5CB40BC225F /* CouchVisionApp.swift in Sources */,
				677C5E8137114DE828EA035D /* DeviceMessages.swift in Sources */,
				75B6048847134405CB5ADA65 /* DeviceStatusManager.swift in Sources */,
				58A4CB69F02BC7DE1E6DCDEE /* EnvironmentManager.swift in Sources */,
				D83FEB7160A36CB898EBF1AB /* EnvironmentMessages.swift in Sources */,
				80E7C106D5E88D264BF9AD6E /* Header.swift in Sources */,
				670E58F09AAAD14A364F7B09 /* ImageMessages.swift in Sources */,
				323E9DC12467908A1BC9078F /* ImuMessages.swift in Sources */,
				B11496215549FDB5BA14705C /* LiDARManager.swift in Sources */,
				8D37499E641BDDC13BD0593A /* LiveActivityManager.swift in Sources */,
				1B5AC1F5CC5991ACDA1C52FA /* LocationManager.swift in Sources */,
				8D577D4595A410DBD7055421 /* LocationMessages.swift in Sources */,
				6FE70D107D6AC93F706A3A5B /* Logger.swift in Sources */,
				B70E5E17008CF36C2A2EE13B /* MockPublisher.swift in Sources */,
				0A24D1F486DC1F0641570849 /* MotionManager.swift in Sources */,
				040B6E74FAC257BCEEC6A371 /* PointCloudMessages.swift in Sources */,
				6F2A1697B088B56AF9896AC7 /* Publisher.swift in Sources */,
				598F4B774D5F8EF19C4ED7B3 /* SensorCoordinator.swift in Sources */,
				B088CAD6A2E138E18D578F4E /* SensorProvider.swift in Sources */,
				85E8E9A9B976D6BA5EB1FDC9 /* SettingsStorage.swift in Sources */,
				BBA333CDB11194E69C70DFDB /* SettingsView.swift in Sources */,
				9310B11F72A2D82A768509ED /* StreamingActivityAttributes.swift in Sources */,
				6B39CB97419F810D955EBE84 /* TimeUtils.swift in Sources */,
				735B063347C021FB49A8DAAF /* TransformMessages.swift in Sources */,
				7395924D19CD22E6B210A5A5 /* ZenohPublisher.swift in Sources */,
			);
			runOnlyForDeploymentPostprocessing = 0;
		};
		D6ED50E2CBF8FF99E1FC73CC /* Sources */ = {
			isa = PBXSourcesBuildPhase;
			buildActionMask = 2147483647;
			files = (
				7F97BD5E10BB38C0CDF9C647 /* CouchVisionWidgetsBundle.swift in Sources */,
				4CB51CDB16D48809E237B964 /* StreamingActivityAttributes.swift in Sources */,
				DF02C4CB73ECF9D234666028 /* StreamingLiveActivity.swift in Sources */,
			);
			runOnlyForDeploymentPostprocessing = 0;
		};
/* End PBXSourcesBuildPhase section */

/* Begin PBXTargetDependency section */
		BBA50E89F4ACA8179650E8AE /* PBXTargetDependency */ = {
			isa = PBXTargetDependency;
			target = E7E1AD0DD307C51E9CF98DC4 /* CouchVisionWidgets */;
			targetProxy = 85A8093047A26579F13610AD /* PBXContainerItemProxy */;
		};
/* End PBXTargetDependency section */

/* Begin XCBuildConfiguration section */
		234F03EFAEA92F69D39F7D38 /* Debug */ = {
			isa = XCBuildConfiguration;
			buildSettings = {
				ASSETCATALOG_COMPILER_APPICON_NAME = AppIcon;
				CODE_SIGN_IDENTITY = "iPhone Developer";
				DEVELOPMENT_TEAM = 9778KTLRXB;
				ENABLE_PREVIEWS = YES;
				INFOPLIST_FILE = CouchVision/Resources/Info.plist;
				LD_RUNPATH_SEARCH_PATHS = (
					"$(inherited)",
					"@executable_path/Frameworks",
				);
				PRODUCT_BUNDLE_IDENTIFIER = com.couchvision.CouchVision;
				SDKROOT = iphoneos;
				TARGETED_DEVICE_FAMILY = "1,2";
			};
			name = Debug;
		};
		A8CECE28D887F5DA675A2F18 /* Release */ = {
			isa = XCBuildConfiguration;
			buildSettings = {
				ASSETCATALOG_COMPILER_APPICON_NAME = AppIcon;
				CODE_SIGN_IDENTITY = "Apple Development";
				CODE_SIGN_STYLE = Automatic;
				DEVELOPMENT_TEAM = 9778KTLRXB;
				ENABLE_PREVIEWS = YES;
				INFOPLIST_FILE = CouchVision/Resources/Info.plist;
				LD_RUNPATH_SEARCH_PATHS = (
					"$(inherited)",
					"@executable_path/Frameworks",
				);
				PRODUCT_BUNDLE_IDENTIFIER = com.couchvision.CouchVision;
				PROVISIONING_PROFILE_SPECIFIER = "";
				SDKROOT = iphoneos;
				TARGETED_DEVICE_FAMILY = "1,2";
			};
			name = Release;
		};
		AE9C22AEB13A305C046D78EB /* Release */ = {
			isa = XCBuildConfiguration;
			buildSettings = {
				ALWAYS_SEARCH_USER_PATHS = NO;
				CLANG_ANALYZER_NONNULL = YES;
				CLANG_ANALYZER_NUMBER_OBJECT_CONVERSION = YES_AGGRESSIVE;
				CLANG_CXX_LANGUAGE_STANDARD = "gnu++14";
				CLANG_CXX_LIBRARY = "libc++";
				CLANG_ENABLE_MODULES = YES;
				CLANG_ENABLE_OBJC_ARC = YES;
				CLANG_ENABLE_OBJC_WEAK = YES;
				CLANG_WARN_BLOCK_CAPTURE_AUTORELEASING = YES;
				CLANG_WARN_BOOL_CONVERSION = YES;
				CLANG_WARN_COMMA = YES;
				CLANG_WARN_CONSTANT_CONVERSION = YES;
				CLANG_WARN_DEPRECATED_OBJC_IMPLEMENTATIONS = YES;
				CLANG_WARN_DIRECT_OBJC_ISA_USAGE = YES_ERROR;
				CLANG_WARN_DOCUMENTATION_COMMENTS = YES;
				CLANG_WARN_EMPTY_BODY = YES;
				CLANG_WARN_ENUM_CONVERSION = YES;
				CLANG_WARN_INFINITE_RECURSION = YES;
				CLANG_WARN_INT_CONVERSION = YES;
				CLANG_WARN_NON_LITERAL_NULL_CONVERSION = YES;
				CLANG_WARN_OBJC_IMPLICIT_RETAIN_SELF = YES;
				CLANG_WARN_OBJC_LITERAL_CONVERSION = YES;
				CLANG_WARN_OBJC_ROOT_CLASS = YES_ERROR;
				CLANG_WARN_QUOTED_INCLUDE_IN_FRAMEWORK_HEADER = YES;
				CLANG_WARN_RANGE_LOOP_ANALYSIS = YES;
				CLANG_WARN_STRICT_PROTOTYPES = YES;
				CLANG_WARN_SUSPICIOUS_MOVE = YES;
				CLANG_WARN_UNGUARDED_AVAILABILITY = YES_AGGRESSIVE;
				CLANG_WARN_UNREACHABLE_CODE = YES;
				CLANG_WARN__DUPLICATE_METHOD_MATCH = YES;
				CODE_SIGN_STYLE = Manual;
				COPY_PHASE_STRIP = NO;
				CURRENT_PROJECT_VERSION = 1;
				DEBUG_INFORMATION_FORMAT = "dwarf-with-dsym";
				DEVELOPMENT_TEAM = 9778KTLRXB;
				ENABLE_NS_ASSERTIONS = NO;
				ENABLE_STRICT_OBJC_MSGSEND = YES;
				GCC_C_LANGUAGE_STANDARD = gnu11;
				GCC_NO_COMMON_BLOCKS = YES;
				GCC_WARN_64_TO_32_BIT_CONVERSION = YES;
				GCC_WARN_ABOUT_RETURN_TYPE = YES_ERROR;
				GCC_WARN_UNDECLARED_SELECTOR = YES;
				GCC_WARN_UNINITIALIZED_AUTOS = YES_AGGRESSIVE;
				GCC_WARN_UNUSED_FUNCTION = YES;
				GCC_WARN_UNUSED_VARIABLE = YES;
				INFOPLIST_FILE = CouchVision/Resources/Info.plist;
				IPHONEOS_DEPLOYMENT_TARGET = 16.2;
				MARKETING_VERSION = 1.0;
				MTL_ENABLE_DEBUG_INFO = NO;
				MTL_FAST_MATH = YES;
				PRODUCT_NAME = "$(TARGET_NAME)";
				SDKROOT = iphoneos;
				SWIFT_COMPILATION_MODE = wholemodule;
				SWIFT_OPTIMIZATION_LEVEL = "-O";
				SWIFT_VERSION = 5.9;
				TARGETED_DEVICE_FAMILY = 1;
			};
			name = Release;
		};
		B1550503A186C0459CF735CB /* Debug */ = {
			isa = XCBuildConfiguration;
			buildSettings = {
				ALWAYS_SEARCH_USER_PATHS = NO;
				CLANG_ANALYZER_NONNULL = YES;
				CLANG_ANALYZER_NUMBER_OBJECT_CONVERSION = YES_AGGRESSIVE;
				CLANG_CXX_LANGUAGE_STANDARD = "gnu++14";
				CLANG_CXX_LIBRARY = "libc++";
				CLANG_ENABLE_MODULES = YES;
				CLANG_ENABLE_OBJC_ARC = YES;
				CLANG_ENABLE_OBJC_WEAK = YES;
				CLANG_WARN_BLOCK_CAPTURE_AUTORELEASING = YES;
				CLANG_WARN_BOOL_CONVERSION = YES;
				CLANG_WARN_COMMA = YES;
				CLANG_WARN_CONSTANT_CONVERSION = YES;
				CLANG_WARN_DEPRECATED_OBJC_IMPLEMENTATIONS = YES;
				CLANG_WARN_DIRECT_OBJC_ISA_USAGE = YES_ERROR;
				CLANG_WARN_DOCUMENTATION_COMMENTS = YES;
				CLANG_WARN_EMPTY_BODY = YES;
				CLANG_WARN_ENUM_CONVERSION = YES;
				CLANG_WARN_INFINITE_RECURSION = YES;
				CLANG_WARN_INT_CONVERSION = YES;
				CLANG_WARN_NON_LITERAL_NULL_CONVERSION = YES;
				CLANG_WARN_OBJC_IMPLICIT_RETAIN_SELF = YES;
				CLANG_WARN_OBJC_LITERAL_CONVERSION = YES;
				CLANG_WARN_OBJC_ROOT_CLASS = YES_ERROR;
				CLANG_WARN_QUOTED_INCLUDE_IN_FRAMEWORK_HEADER = YES;
				CLANG_WARN_RANGE_LOOP_ANALYSIS = YES;
				CLANG_WARN_STRICT_PROTOTYPES = YES;
				CLANG_WARN_SUSPICIOUS_MOVE = YES;
				CLANG_WARN_UNGUARDED_AVAILABILITY = YES_AGGRESSIVE;
				CLANG_WARN_UNREACHABLE_CODE = YES;
				CLANG_WARN__DUPLICATE_METHOD_MATCH = YES;
				CODE_SIGN_STYLE = Automatic;
				COPY_PHASE_STRIP = NO;
				CURRENT_PROJECT_VERSION = 1;
				DEBUG_INFORMATION_FORMAT = dwarf;
				DEVELOPMENT_TEAM = "";
				ENABLE_STRICT_OBJC_MSGSEND = YES;
				ENABLE_TESTABILITY = YES;
				GCC_C_LANGUAGE_STANDARD = gnu11;
				GCC_DYNAMIC_NO_PIC = NO;
				GCC_NO_COMMON_BLOCKS = YES;
				GCC_OPTIMIZATION_LEVEL = 0;
				GCC_PREPROCESSOR_DEFINITIONS = (
					"$(inherited)",
					"DEBUG=1",
				);
				GCC_WARN_64_TO_32_BIT_CONVERSION = YES;
				GCC_WARN_ABOUT_RETURN_TYPE = YES_ERROR;
				GCC_WARN_UNDECLARED_SELECTOR = YES;
				GCC_WARN_UNINITIALIZED_AUTOS = YES_AGGRESSIVE;
				GCC_WARN_UNUSED_FUNCTION = YES;
				GCC_WARN_UNUSED_VARIABLE = YES;
				INFOPLIST_FILE = CouchVision/Resources/Info.plist;
				IPHONEOS_DEPLOYMENT_TARGET = 16.2;
				MARKETING_VERSION = 1.0;
				MTL_ENABLE_DEBUG_INFO = INCLUDE_SOURCE;
				MTL_FAST_MATH = YES;
				ONLY_ACTIVE_ARCH = YES;
				PRODUCT_NAME = "$(TARGET_NAME)";
				SDKROOT = iphoneos;
				SWIFT_ACTIVE_COMPILATION_CONDITIONS = DEBUG;
				SWIFT_OPTIMIZATION_LEVEL = "-Onone";
				SWIFT_VERSION = 5.9;
				TARGETED_DEVICE_FAMILY = 1;
			};
			name = Debug;
		};
		B2BE82D0EE63AE9C193D3C3B /* Debug */ = {
			isa = XCBuildConfiguration;
			buildSettings = {
				DEVELOPMENT_TEAM = 9778KTLRXB;
				INFOPLIST_FILE = CouchVisionWidgets/Info.plist;
				LD_RUNPATH_SEARCH_PATHS = (
					"$(inherited)",
					"@executable_path/Frameworks",
					"@executable_path/../../Frameworks",
				);
				PRODUCT_BUNDLE_IDENTIFIER = com.couchvision.CouchVision.Widgets;
				SDKROOT = iphoneos;
				SKIP_INSTALL = YES;
				TARGETED_DEVICE_FAMILY = "1,2";
			};
			name = Debug;
		};
		DEE32949D650AC7C588D45EC /* Release */ = {
			isa = XCBuildConfiguration;
			buildSettings = {
				CODE_SIGN_IDENTITY = "Apple Development";
				CODE_SIGN_STYLE = Automatic;
				DEVELOPMENT_TEAM = 9778KTLRXB;
				INFOPLIST_FILE = CouchVisionWidgets/Info.plist;
				LD_RUNPATH_SEARCH_PATHS = (
					"$(inherited)",
					"@executable_path/Frameworks",
					"@executable_path/../../Frameworks",
				);
				PRODUCT_BUNDLE_IDENTIFIER = com.couchvision.CouchVision.Widgets;
				PROVISIONING_PROFILE_SPECIFIER = "";
				SDKROOT = iphoneos;
				SKIP_INSTALL = YES;
				TARGETED_DEVICE_FAMILY = "1,2";
			};
			name = Release;
		};
/* End XCBuildConfiguration section */

/* Begin XCConfigurationList section */
		3E5F0B25788562AE2A3A401F /* Build configuration list for PBXNativeTarget "CouchVisionWidgets" */ = {
			isa = XCConfigurationList;
			buildConfigurations = (
				B2BE82D0EE63AE9C193D3C3B /* Debug */,
				DEE32949D650AC7C588D45EC /* Release */,
			);
			defaultConfigurationIsVisible = 0;
			defaultConfigurationName = Debug;
		};
		D9EC6F40C32C6D067E1B7629 /* Build configuration list for PBXProject "CouchVision" */ = {
			isa = XCConfigurationList;
			buildConfigurations = (
				B1550503A186C0459CF735CB /* Debug */,
				AE9C22AEB13A305C046D78EB /* Release */,
			);
			defaultConfigurationIsVisible = 0;
			defaultConfigurationName = Debug;
		};
		DEA71E915BCBC3B70D4863D8 /* Build configuration list for PBXNativeTarget "CouchVision" */ = {
			isa = XCConfigurationList;
			buildConfigurations = (
				234F03EFAEA92F69D39F7D38 /* Debug */,
				A8CECE28D887F5DA675A2F18 /* Release */,
			);
			defaultConfigurationIsVisible = 0;
			defaultConfigurationName = Debug;
		};
/* End XCConfigurationList section */
	};
	rootObject = D840DCA89B1CBD60B156B7D4 /* Project object */;
}
